
Microsoft Visual Studio Solution File, Format Version 12.00
# Visual Studio 15
VisualStudioVersion = 15.0.28307.329
MinimumVisualStudioVersion = 10.0.40219.1
Project("{FAE04EC0-301F-11D3-BF4B-00C04F79EFBC}") = "wsld_cs", "wsld_cs\wsld_cs.csproj", "{2BFA4773-25F3-4A13-AF34-9BB9F2AF3222}"
EndProject
Global
	GlobalSection(SolutionConfigurationPlatforms) = preSolution
		Debug|Any CPU = Debug|Any CPU
		Release|Any CPU = Release|Any CPU
	EndGlobalSection
	GlobalSection(ProjectConfigurationPlatforms) = postSolution
		{2BFA4773-25F3-4A13-AF34-9BB9F2AF3222}.Debug|Any CPU.ActiveCfg = Debug|Any CPU
		{2BFA4773-25F3-4A13-AF34-9BB9F2AF3222}.Debug|Any CPU.Build.0 = Debug|Any CPU
		{2BFA4773-25F3-4A13-AF34-9BB9F2AF3222}.Release|Any CPU.ActiveCfg = Release|Any CPU
		{2BFA4773-25F3-4A13-AF34-9BB9F2AF3222}.Release|Any CPU.Build.0 = Release|Any CPU
	EndGlobalSection
	GlobalSection(SolutionProperties) = preSolution
		HideSolutionNode = FALSE
	EndGlobalSection
	GlobalSection(ExtensibilityGlobals) = postSolution
		SolutionGuid = {5A6A1622-E2DB-43B0-B101-56AC53B09CD0}
	EndGlobalSection
EndGlobal
